
Microsoft Visual Studio Solution File, Format Version 12.00
# Visual Studio Version 16
VisualStudioVersion = 16.0.28729.10
MinimumVisualStudioVersion = 10.0.40219.1
Project("{9A19103F-16F7-4668-BE54-9A1E7A4F7556}") = "DalSoft.RestClient", "DalSoft.RestClient\DalSoft.RestClient.csproj", "{81A0E763-FB2E-4ED2-A153-71E5DEBB7087}"
EndProject
Project("{9A19103F-16F7-4668-BE54-9A1E7A4F7556}") = "DalSoft.RestClient.Test.Integration", "DalSoft.RestClient.Test.Integration\DalSoft.RestClient.Test.Integration.csproj", "{EFCBFB2D-8D64-4A83-8DD5-C362DC6642A6}"
EndProject
Project("{9A19103F-16F7-4668-BE54-9A1E7A4F7556}") = "DalSoft.RestClient.Test.Unit", "DalSoft.RestClient.Test.Unit\DalSoft.RestClient.Test.Unit.csproj", "{E3E55716-2618-4F4F-9F91-B480E5F989FB}"
EndProject
Project("{9A19103F-16F7-4668-BE54-9A1E7A4F7556}") = "DalSoft.RestClient.Examples", "DalSoft.RestClient.Examples\DalSoft.RestClient.Examples.csproj", "{41991191-F064-44CB-A8E8-27ED78A90707}"
EndProject
Project("{FAE04EC0-301F-11D3-BF4B-00C04F79EFBC}") = "DalSoft.RestClient.Benchmark", "DalSoft.RestClient.Benchmark\DalSoft.RestClient.Benchmark.csproj", "{B69A4A5A-F3BE-4CE5-9047-5F9543EC8490}"
EndProject
Project("{FAE04EC0-301F-11D3-BF4B-00C04F79EFBC}") = "DalSoft.RestClient.Benchmark.WebApi", "DalSoft.RestClient.Benchmark.WebApi\DalSoft.RestClient.Benchmark.WebApi.csproj", "{CC8A0956-8386-4F29-BEC3-B79A5394F37F}"
EndProject
Global
	GlobalSection(SolutionConfigurationPlatforms) = preSolution
		Debug|Any CPU = Debug|Any CPU
		Release|Any CPU = Release|Any CPU
	EndGlobalSection
	GlobalSection(ProjectConfigurationPlatforms) = postSolution
		{81A0E763-FB2E-4ED2-A153-71E5DEBB7087}.Debug|Any CPU.ActiveCfg = Debug|Any CPU
		{81A0E763-FB2E-4ED2-A153-71E5DEBB7087}.Debug|Any CPU.Build.0 = Debug|Any CPU
		{81A0E763-FB2E-4ED2-A153-71E5DEBB7087}.Release|Any CPU.ActiveCfg = Release|Any CPU
		{81A0E763-FB2E-4ED2-A153-71E5DEBB7087}.Release|Any CPU.Build.0 = Release|Any CPU
		{EFCBFB2D-8D64-4A83-8DD5-C362DC6642A6}.Debug|Any CPU.ActiveCfg = Debug|Any CPU
		{EFCBFB2D-8D64-4A83-8DD5-C362DC6642A6}.Debug|Any CPU.Build.0 = Debug|Any CPU
		{EFCBFB2D-8D64-4A83-8DD5-C362DC6642A6}.Release|Any CPU.ActiveCfg = Release|Any CPU
		{EFCBFB2D-8D64-4A83-8DD5-C362DC6642A6}.Release|Any CPU.Build.0 = Release|Any CPU
		{E3E55716-2618-4F4F-9F91-B480E5F989FB}.Debug|Any CPU.ActiveCfg = Debug|Any CPU
		{E3E55716-2618-4F4F-9F91-B480E5F989FB}.Debug|Any CPU.Build.0 = Debug|Any CPU
		{E3E55716-2618-4F4F-9F91-B480E5F989FB}.Release|Any CPU.ActiveCfg = Release|Any CPU
		{E3E55716-2618-4F4F-9F91-B480E5F989FB}.Release|Any CPU.Build.0 = Release|Any CPU
		{41991191-F064-44CB-A8E8-27ED78A90707}.Debug|Any CPU.ActiveCfg = Debug|Any CPU
		{41991191-F064-44CB-A8E8-27ED78A90707}.Debug|Any CPU.Build.0 = Debug|Any CPU
		{41991191-F064-44CB-A8E8-27ED78A90707}.Release|Any CPU.ActiveCfg = Release|Any CPU
		{41991191-F064-44CB-A8E8-27ED78A90707}.Release|Any CPU.Build.0 = Release|Any CPU
		{B69A4A5A-F3BE-4CE5-9047-5F9543EC8490}.Debug|Any CPU.ActiveCfg = Debug|Any CPU
		{B69A4A5A-F3BE-4CE5-9047-5F9543EC8490}.Debug|Any CPU.Build.0 = Debug|Any CPU
		{B69A4A5A-F3BE-4CE5-9047-5F9543EC8490}.Release|Any CPU.ActiveCfg = Release|Any CPU
		{B69A4A5A-F3BE-4CE5-9047-5F9543EC8490}.Release|Any CPU.Build.0 = Release|Any CPU
		{CC8A0956-8386-4F29-BEC3-B79A5394F37F}.Debug|Any CPU.ActiveCfg = Debug|Any CPU
		{CC8A0956-8386-4F29-BEC3-B79A5394F37F}.Debug|Any CPU.Build.0 = Debug|Any CPU
		{CC8A0956-8386-4F29-BEC3-B79A5394F37F}.Release|Any CPU.ActiveCfg = Release|Any CPU
		{CC8A0956-8386-4F29-BEC3-B79A5394F37F}.Release|Any CPU.Build.0 = Release|Any CPU
	EndGlobalSection
	GlobalSection(SolutionProperties) = preSolution
		HideSolutionNode = FALSE
	EndGlobalSection
	GlobalSection(ExtensibilityGlobals) = postSolution
		SolutionGuid = {F3C3BB59-0D71-4211-A5F5-348024EC4A16}
	EndGlobalSection
EndGlobal
